// !$*UTF8*$!
{
	archiveVersion = 1;
	classes = {
	};
	objectVersion = 51;
	objects = {

/* Begin PBXBuildFile section */
		6AC0BF2859A0D57E005D30AD /* Pods_LandiLords.framework in Frameworks */ = {isa = PBXBuildFile; fileRef = 60995F43E4652BEC1D2A5B70 /* Pods_LandiLords.framework */; };
		EE33C0A124C09D54005514A5 /* AppDelegate.swift in Sources */ = {isa = PBXBuildFile; fileRef = EE33C0A024C09D54005514A5 /* AppDelegate.swift */; };
		EE33C0A324C09D54005514A5 /* SceneDelegate.swift in Sources */ = {isa = PBXBuildFile; fileRef = EE33C0A224C09D54005514A5 /* SceneDelegate.swift */; };
		EE33C0A524C09D54005514A5 /* LoginViewController.swift in Sources */ = {isa = PBXBuildFile; fileRef = EE33C0A424C09D54005514A5 /* LoginViewController.swift */; };
		EE33C0A824C09D54005514A5 /* Main.storyboard in Resources */ = {isa = PBXBuildFile; fileRef = EE33C0A624C09D54005514A5 /* Main.storyboard */; };
		EE33C0AB24C09D54005514A5 /* LandiLords.xcdatamodeld in Sources */ = {isa = PBXBuildFile; fileRef = EE33C0A924C09D54005514A5 /* LandiLords.xcdatamodeld */; };
		EE33C0AD24C09D5B005514A5 /* Assets.xcassets in Resources */ = {isa = PBXBuildFile; fileRef = EE33C0AC24C09D5B005514A5 /* Assets.xcassets */; };
		EE33C0B024C09D5B005514A5 /* LaunchScreen.storyboard in Resources */ = {isa = PBXBuildFile; fileRef = EE33C0AE24C09D5B005514A5 /* LaunchScreen.storyboard */; };
		EE33C0BB24C09D5B005514A5 /* LandiLordsTests.swift in Sources */ = {isa = PBXBuildFile; fileRef = EE33C0BA24C09D5B005514A5 /* LandiLordsTests.swift */; };
		EE33C0C624C0A375005514A5 /* GoogleService-Info.plist in Resources */ = {isa = PBXBuildFile; fileRef = EE33C0C524C0A375005514A5 /* GoogleService-Info.plist */; };
		EE33C0C824C0A9C4005514A5 /* SignUpViewController.swift in Sources */ = {isa = PBXBuildFile; fileRef = EE33C0C724C0A9C4005514A5 /* SignUpViewController.swift */; };
		EE33C0CA24C0CA10005514A5 /* MainViewController.swift in Sources */ = {isa = PBXBuildFile; fileRef = EE33C0C924C0CA10005514A5 /* MainViewController.swift */; };
		EE47FF5724C897B400D61403 /* viewModel.swift in Sources */ = {isa = PBXBuildFile; fileRef = EE47FF5624C897B400D61403 /* viewModel.swift */; };
		EE743F2824C1094D00B01615 /* MainTbController.swift in Sources */ = {isa = PBXBuildFile; fileRef = EE743F2724C1094D00B01615 /* MainTbController.swift */; };
		EE743F2A24C1155000B01615 /* SettingsViewController.swift in Sources */ = {isa = PBXBuildFile; fileRef = EE743F2924C1155000B01615 /* SettingsViewController.swift */; };
		EE743F2C24C1156700B01615 /* UserViewController.swift in Sources */ = {isa = PBXBuildFile; fileRef = EE743F2B24C1156700B01615 /* UserViewController.swift */; };
		EE743F2E24C1165E00B01615 /* Cities.json in Resources */ = {isa = PBXBuildFile; fileRef = EE743F2D24C1165E00B01615 /* Cities.json */; };
		EE743F3124C2989200B01615 /* Cities.swift in Sources */ = {isa = PBXBuildFile; fileRef = EE743F3024C2989200B01615 /* Cities.swift */; };
		EE743F3324C2989C00B01615 /* Networking.swift in Sources */ = {isa = PBXBuildFile; fileRef = EE743F3224C2989C00B01615 /* Networking.swift */; };
		EE8F648424F184D000B54C46 /* Picker.swift in Sources */ = {isa = PBXBuildFile; fileRef = EE8F648324F184D000B54C46 /* Picker.swift */; };
		EEC0E56E24C3B9F600ACB233 /* reusable_extensions.swift in Sources */ = {isa = PBXBuildFile; fileRef = EEC0E56D24C3B9F600ACB233 /* reusable_extensions.swift */; };
		EEDF8F1A24C4B8D00067B474 /* singleton.swift in Sources */ = {isa = PBXBuildFile; fileRef = EEDF8F1924C4B8D00067B474 /* singleton.swift */; };
		EEDF8F6F24C66FA10067B474 /* ButtonBehaviours.swift in Sources */ = {isa = PBXBuildFile; fileRef = EEDF8F6E24C66FA10067B474 /* ButtonBehaviours.swift */; };
		FB671D858EF812239EDF5804 /* Pods_LandiLordsTests.framework in Frameworks */ = {isa = PBXBuildFile; fileRef = E506A5619DCA6991F15266F8 /* Pods_LandiLordsTests.framework */; };
/* End PBXBuildFile section */

/* Begin PBXContainerItemProxy section */
		EE33C0B724C09D5B005514A5 /* PBXContainerItemProxy */ = {
			isa = PBXContainerItemProxy;
			containerPortal = EE33C09524C09D54005514A5 /* Project object */;
			proxyType = 1;
			remoteGlobalIDString = EE33C09C24C09D54005514A5;
			remoteInfo = LandiLords;
		};
/* End PBXContainerItemProxy section */

/* Begin PBXFileReference section */
		189C3A95E66B5F1B2862F901 /* Pods-LandiLords.release.xcconfig */ = {isa = PBXFileReference; includeInIndex = 1; lastKnownFileType = text.xcconfig; name = "Pods-LandiLords.release.xcconfig"; path = "Target Support Files/Pods-LandiLords/Pods-LandiLords.release.xcconfig"; sourceTree = "<group>"; };
		60995F43E4652BEC1D2A5B70 /* Pods_LandiLords.framework */ = {isa = PBXFileReference; explicitFileType = wrapper.framework; includeInIndex = 0; path = Pods_LandiLords.framework; sourceTree = BUILT_PRODUCTS_DIR; };
		A67161B3D9338CD36BBEC849 /* Pods-LandiLordsTests.debug.xcconfig */ = {isa = PBXFileReference; includeInIndex = 1; lastKnownFileType = text.xcconfig; name = "Pods-LandiLordsTests.debug.xcconfig"; path = "Target Support Files/Pods-LandiLordsTests/Pods-LandiLordsTests.debug.xcconfig"; sourceTree = "<group>"; };
		A9AE0501AFAAC203413273EB /* Pods-LandiLordsTests.release.xcconfig */ = {isa = PBXFileReference; includeInIndex = 1; lastKnownFileType = text.xcconfig; name = "Pods-LandiLordsTests.release.xcconfig"; path = "Target Support Files/Pods-LandiLordsTests/Pods-LandiLordsTests.release.xcconfig"; sourceTree = "<group>"; };
		E506A5619DCA6991F15266F8 /* Pods_LandiLordsTests.framework */ = {isa = PBXFileReference; explicitFileType = wrapper.framework; includeInIndex = 0; path = Pods_LandiLordsTests.framework; sourceTree = BUILT_PRODUCTS_DIR; };
		EE33C09D24C09D54005514A5 /* LandiLords.app */ = {isa = PBXFileReference; explicitFileType = wrapper.application; includeInIndex = 0; path = LandiLords.app; sourceTree = BUILT_PRODUCTS_DIR; };
		EE33C0A024C09D54005514A5 /* AppDelegate.swift */ = {isa = PBXFileReference; lastKnownFileType = sourcecode.swift; path = AppDelegate.swift; sourceTree = "<group>"; };
		EE33C0A224C09D54005514A5 /* SceneDelegate.swift */ = {isa = PBXFileReference; lastKnownFileType = sourcecode.swift; path = SceneDelegate.swift; sourceTree = "<group>"; };
		EE33C0A424C09D54005514A5 /* LoginViewController.swift */ = {isa = PBXFileReference; lastKnownFileType = sourcecode.swift; path = LoginViewController.swift; sourceTree = "<group>"; };
		EE33C0A724C09D54005514A5 /* Base */ = {isa = PBXFileReference; lastKnownFileType = file.storyboard; name = Base; path = Base.lproj/Main.storyboard; sourceTree = "<group>"; };
		EE33C0AA24C09D54005514A5 /* LandiLords.xcdatamodel */ = {isa = PBXFileReference; lastKnownFileType = wrapper.xcdatamodel; path = LandiLords.xcdatamodel; sourceTree = "<group>"; };
		EE33C0AC24C09D5B005514A5 /* Assets.xcassets */ = {isa = PBXFileReference; lastKnownFileType = folder.assetcatalog; path = Assets.xcassets; sourceTree = "<group>"; };
		EE33C0AF24C09D5B005514A5 /* Base */ = {isa = PBXFileReference; lastKnownFileType = file.storyboard; name = Base; path = Base.lproj/LaunchScreen.storyboard; sourceTree = "<group>"; };
		EE33C0B124C09D5B005514A5 /* Info.plist */ = {isa = PBXFileReference; lastKnownFileType = text.plist.xml; path = Info.plist; sourceTree = "<group>"; };
		EE33C0B624C09D5B005514A5 /* LandiLordsTests.xctest */ = {isa = PBXFileReference; explicitFileType = wrapper.cfbundle; includeInIndex = 0; path = LandiLordsTests.xctest; sourceTree = BUILT_PRODUCTS_DIR; };
		EE33C0BA24C09D5B005514A5 /* LandiLordsTests.swift */ = {isa = PBXFileReference; lastKnownFileType = sourcecode.swift; path = LandiLordsTests.swift; sourceTree = "<group>"; };
		EE33C0BC24C09D5B005514A5 /* Info.plist */ = {isa = PBXFileReference; lastKnownFileType = text.plist.xml; path = Info.plist; sourceTree = "<group>"; };
		EE33C0C524C0A375005514A5 /* GoogleService-Info.plist */ = {isa = PBXFileReference; fileEncoding = 4; lastKnownFileType = text.plist.xml; path = "GoogleService-Info.plist"; sourceTree = "<group>"; };
		EE33C0C724C0A9C4005514A5 /* SignUpViewController.swift */ = {isa = PBXFileReference; lastKnownFileType = sourcecode.swift; path = SignUpViewController.swift; sourceTree = "<group>"; };
		EE33C0C924C0CA10005514A5 /* MainViewController.swift */ = {isa = PBXFileReference; lastKnownFileType = sourcecode.swift; path = MainViewController.swift; sourceTree = "<group>"; };
		EE47FF5624C897B400D61403 /* viewModel.swift */ = {isa = PBXFileReference; lastKnownFileType = sourcecode.swift; path = viewModel.swift; sourceTree = "<group>"; };
		EE743F2724C1094D00B01615 /* MainTbController.swift */ = {isa = PBXFileReference; lastKnownFileType = sourcecode.swift; path = MainTbController.swift; sourceTree = "<group>"; };
		EE743F2924C1155000B01615 /* SettingsViewController.swift */ = {isa = PBXFileReference; lastKnownFileType = sourcecode.swift; path = SettingsViewController.swift; sourceTree = "<group>"; };
		EE743F2B24C1156700B01615 /* UserViewController.swift */ = {isa = PBXFileReference; lastKnownFileType = sourcecode.swift; path = UserViewController.swift; sourceTree = "<group>"; };
		EE743F2D24C1165E00B01615 /* Cities.json */ = {isa = PBXFileReference; lastKnownFileType = text.json; path = Cities.json; sourceTree = "<group>"; };
		EE743F3024C2989200B01615 /* Cities.swift */ = {isa = PBXFileReference; lastKnownFileType = sourcecode.swift; path = Cities.swift; sourceTree = "<group>"; };
		EE743F3224C2989C00B01615 /* Networking.swift */ = {isa = PBXFileReference; lastKnownFileType = sourcecode.swift; path = Networking.swift; sourceTree = "<group>"; };
		EE8F648324F184D000B54C46 /* Picker.swift */ = {isa = PBXFileReference; lastKnownFileType = sourcecode.swift; path = Picker.swift; sourceTree = "<group>"; };
		EEC0E56D24C3B9F600ACB233 /* reusable_extensions.swift */ = {isa = PBXFileReference; lastKnownFileType = sourcecode.swift; path = reusable_extensions.swift; sourceTree = "<group>"; };
		EEDF8F1924C4B8D00067B474 /* singleton.swift */ = {isa = PBXFileReference; lastKnownFileType = sourcecode.swift; path = singleton.swift; sourceTree = "<group>"; };
		EEDF8F6E24C66FA10067B474 /* ButtonBehaviours.swift */ = {isa = PBXFileReference; lastKnownFileType = sourcecode.swift; path = ButtonBehaviours.swift; sourceTree = "<group>"; };
		F0D9AE60799FD88ADBBA2513 /* Pods-LandiLords.debug.xcconfig */ = {isa = PBXFileReference; includeInIndex = 1; lastKnownFileType = text.xcconfig; name = "Pods-LandiLords.debug.xcconfig"; path = "Target Support Files/Pods-LandiLords/Pods-LandiLords.debug.xcconfig"; sourceTree = "<group>"; };
/* End PBXFileReference section */

/* Begin PBXFrameworksBuildPhase section */
		EE33C09A24C09D54005514A5 /* Frameworks */ = {
			isa = PBXFrameworksBuildPhase;
			buildActionMask = 2147483647;
			files = (
				6AC0BF2859A0D57E005D30AD /* Pods_LandiLords.framework in Frameworks */,
			);
			runOnlyForDeploymentPostprocessing = 0;
		};
		EE33C0B324C09D5B005514A5 /* Frameworks */ = {
			isa = PBXFrameworksBuildPhase;
			buildActionMask = 2147483647;
			files = (
				FB671D858EF812239EDF5804 /* Pods_LandiLordsTests.framework in Frameworks */,
			);
			runOnlyForDeploymentPostprocessing = 0;
		};
/* End PBXFrameworksBuildPhase section */

/* Begin PBXGroup section */
		158F393E566DBFBC85379A26 /* Pods */ = {
			isa = PBXGroup;
			children = (
				F0D9AE60799FD88ADBBA2513 /* Pods-LandiLords.debug.xcconfig */,
				189C3A95E66B5F1B2862F901 /* Pods-LandiLords.release.xcconfig */,
				A67161B3D9338CD36BBEC849 /* Pods-LandiLordsTests.debug.xcconfig */,
				A9AE0501AFAAC203413273EB /* Pods-LandiLordsTests.release.xcconfig */,
			);
			path = Pods;
			sourceTree = "<group>";
		};
		AE45C883BA93E8A3FEF866DA /* Frameworks */ = {
			isa = PBXGroup;
			children = (
				60995F43E4652BEC1D2A5B70 /* Pods_LandiLords.framework */,
				E506A5619DCA6991F15266F8 /* Pods_LandiLordsTests.framework */,
			);
			name = Frameworks;
			sourceTree = "<group>";
		};
		EE23F39324C1022A0099C4F3 /* Model */ = {
			isa = PBXGroup;
			children = (
				EE743F3024C2989200B01615 /* Cities.swift */,
				EE743F3224C2989C00B01615 /* Networking.swift */,
			);
			path = Model;
			sourceTree = "<group>";
		};
		EE23F39424C1023B0099C4F3 /* View */ = {
			isa = PBXGroup;
			children = (
				EE33C0A624C09D54005514A5 /* Main.storyboard */,
				EE33C0AE24C09D5B005514A5 /* LaunchScreen.storyboard */,
				EE8F648324F184D000B54C46 /* Picker.swift */,
			);
			path = View;
			sourceTree = "<group>";
		};
		EE23F39524C102420099C4F3 /* Controllers */ = {
			isa = PBXGroup;
			children = (
				EE33C0A424C09D54005514A5 /* LoginViewController.swift */,
				EE33C0C724C0A9C4005514A5 /* SignUpViewController.swift */,
				EE33C0C924C0CA10005514A5 /* MainViewController.swift */,
				EE743F2724C1094D00B01615 /* MainTbController.swift */,
				EE743F2924C1155000B01615 /* SettingsViewController.swift */,
				EE743F2B24C1156700B01615 /* UserViewController.swift */,
			);
			path = Controllers;
			sourceTree = "<group>";
		};
		EE23F39624C1024B0099C4F3 /* ViewModel */ = {
			isa = PBXGroup;
			children = (
				EE47FF5624C897B400D61403 /* viewModel.swift */,
			);
			path = ViewModel;
			sourceTree = "<group>";
		};
		EE23F39724C102530099C4F3 /* Constants */ = {
			isa = PBXGroup;
			children = (
				EEDF8F1924C4B8D00067B474 /* singleton.swift */,
			);
			path = Constants;
			sourceTree = "<group>";
		};
		EE23F39824C1025A0099C4F3 /* Extensions */ = {
			isa = PBXGroup;
			children = (
				EEC0E56D24C3B9F600ACB233 /* reusable_extensions.swift */,
			);
			path = Extensions;
			sourceTree = "<group>";
		};
		EE33C09424C09D54005514A5 = {
			isa = PBXGroup;
			children = (
				EEDF8F6D24C66F720067B474 /* ButtonBehaviours */,
				EE23F39824C1025A0099C4F3 /* Extensions */,
				EE23F39724C102530099C4F3 /* Constants */,
				EE23F39624C1024B0099C4F3 /* ViewModel */,
				EE23F39524C102420099C4F3 /* Controllers */,
				EE23F39424C1023B0099C4F3 /* View */,
				EE23F39324C1022A0099C4F3 /* Model */,
				EE33C09F24C09D54005514A5 /* LandiLords */,
				EE33C0B924C09D5B005514A5 /* LandiLordsTests */,
				EE33C09E24C09D54005514A5 /* Products */,
				158F393E566DBFBC85379A26 /* Pods */,
				AE45C883BA93E8A3FEF866DA /* Frameworks */,
			);
			sourceTree = "<group>";
		};
		EE33C09E24C09D54005514A5 /* Products */ = {
			isa = PBXGroup;
			children = (
				EE33C09D24C09D54005514A5 /* LandiLords.app */,
				EE33C0B624C09D5B005514A5 /* LandiLordsTests.xctest */,
			);
			name = Products;
			sourceTree = "<group>";
		};
		EE33C09F24C09D54005514A5 /* LandiLords */ = {
			isa = PBXGroup;
			children = (
				EE33C0A024C09D54005514A5 /* AppDelegate.swift */,
				EE33C0A224C09D54005514A5 /* SceneDelegate.swift */,
				EE33C0AC24C09D5B005514A5 /* Assets.xcassets */,
				EE33C0B124C09D5B005514A5 /* Info.plist */,
				EE33C0C524C0A375005514A5 /* GoogleService-Info.plist */,
				EE33C0A924C09D54005514A5 /* LandiLords.xcdatamodeld */,
				EE743F2D24C1165E00B01615 /* Cities.json */,
			);
			path = LandiLords;
			sourceTree = "<group>";
		};
		EE33C0B924C09D5B005514A5 /* LandiLordsTests */ = {
			isa = PBXGroup;
			children = (
				EE33C0BA24C09D5B005514A5 /* LandiLordsTests.swift */,
				EE33C0BC24C09D5B005514A5 /* Info.plist */,
			);
			path = LandiLordsTests;
			sourceTree = "<group>";
		};
		EEDF8F6D24C66F720067B474 /* ButtonBehaviours */ = {
			isa = PBXGroup;
			children = (
				EEDF8F6E24C66FA10067B474 /* ButtonBehaviours.swift */,
			);
			path = ButtonBehaviours;
			sourceTree = "<group>";
		};
/* End PBXGroup section */

/* Begin PBXNativeTarget section */
		EE33C09C24C09D54005514A5 /* LandiLords */ = {
			isa = PBXNativeTarget;
			buildConfigurationList = EE33C0BF24C09D5B005514A5 /* Build configuration list for PBXNativeTarget "LandiLords" */;
			buildPhases = (
				F7A84F30ED4E63F7A7437A2F /* [CP] Check Pods Manifest.lock */,
				EE33C09924C09D54005514A5 /* Sources */,
				EE33C09A24C09D54005514A5 /* Frameworks */,
				EE33C09B24C09D54005514A5 /* Resources */,
				2F68116D27BE8DA3735558A3 /* [CP] Embed Pods Frameworks */,
			);
			buildRules = (
			);
			dependencies = (
			);
			name = LandiLords;
			productName = LandiLords;
			productReference = EE33C09D24C09D54005514A5 /* LandiLords.app */;
			productType = "com.apple.product-type.application";
		};
		EE33C0B524C09D5B005514A5 /* LandiLordsTests */ = {
			isa = PBXNativeTarget;
			buildConfigurationList = EE33C0C224C09D5B005514A5 /* Build configuration list for PBXNativeTarget "LandiLordsTests" */;
			buildPhases = (
				CA859C5FE4B9C2EA5ED424C4 /* [CP] Check Pods Manifest.lock */,
				EE33C0B224C09D5B005514A5 /* Sources */,
				EE33C0B324C09D5B005514A5 /* Frameworks */,
				EE33C0B424C09D5B005514A5 /* Resources */,
			);
			buildRules = (
			);
			dependencies = (
				EE33C0B824C09D5B005514A5 /* PBXTargetDependency */,
			);
			name = LandiLordsTests;
			productName = LandiLordsTests;
			productReference = EE33C0B624C09D5B005514A5 /* LandiLordsTests.xctest */;
			productType = "com.apple.product-type.bundle.unit-test";
		};
/* End PBXNativeTarget section */

/* Begin PBXProject section */
		EE33C09524C09D54005514A5 /* Project object */ = {
			isa = PBXProject;
			attributes = {
				LastSwiftUpdateCheck = 1150;
				LastUpgradeCheck = 1150;
				ORGANIZATIONNAME = Duale;
				TargetAttributes = {
					EE33C09C24C09D54005514A5 = {
						CreatedOnToolsVersion = 11.5;
					};
					EE33C0B524C09D5B005514A5 = {
						CreatedOnToolsVersion = 11.5;
						TestTargetID = EE33C09C24C09D54005514A5;
					};
				};
			};
			buildConfigurationList = EE33C09824C09D54005514A5 /* Build configuration list for PBXProject "LandiLords" */;
			compatibilityVersion = "Xcode 9.3";
			developmentRegion = en;
			hasScannedForEncodings = 0;
			knownRegions = (
				en,
				Base,
			);
			mainGroup = EE33C09424C09D54005514A5;
			productRefGroup = EE33C09E24C09D54005514A5 /* Products */;
			projectDirPath = "";
			projectRoot = "";
			targets = (
				EE33C09C24C09D54005514A5 /* LandiLords */,
				EE33C0B524C09D5B005514A5 /* LandiLordsTests */,
			);
		};
/* End PBXProject section */

/* Begin PBXResourcesBuildPhase section */
		EE33C09B24C09D54005514A5 /* Resources */ = {
			isa = PBXResourcesBuildPhase;
			buildActionMask = 2147483647;
			files = (
				EE33C0B024C09D5B005514A5 /* LaunchScreen.storyboard in Resources */,
				EE33C0C624C0A375005514A5 /* GoogleService-Info.plist in Resources */,
				EE743F2E24C1165E00B01615 /* Cities.json in Resources */,
				EE33C0AD24C09D5B005514A5 /* Assets.xcassets in Resources */,
				EE33C0A824C09D54005514A5 /* Main.storyboard in Resources */,
			);
			runOnlyForDeploymentPostprocessing = 0;
		};
		EE33C0B424C09D5B005514A5 /* Resources */ = {
			isa = PBXResourcesBuildPhase;
			buildActionMask = 2147483647;
			files = (
			);
			runOnlyForDeploymentPostprocessing = 0;
		};
/* End PBXResourcesBuildPhase section */

/* Begin PBXShellScriptBuildPhase section */
		2F68116D27BE8DA3735558A3 /* [CP] Embed Pods Frameworks */ = {
			isa = PBXShellScriptBuildPhase;
			buildActionMask = 2147483647;
			files = (
			);
			inputFileListPaths = (
				"${PODS_ROOT}/Target Support Files/Pods-LandiLords/Pods-LandiLords-frameworks-${CONFIGURATION}-input-files.xcfilelist",
			);
			name = "[CP] Embed Pods Frameworks";
			outputFileListPaths = (
				"${PODS_ROOT}/Target Support Files/Pods-LandiLords/Pods-LandiLords-frameworks-${CONFIGURATION}-output-files.xcfilelist",
			);
			runOnlyForDeploymentPostprocessing = 0;
			shellPath = /bin/sh;
			shellScript = "\"${PODS_ROOT}/Target Support Files/Pods-LandiLords/Pods-LandiLords-frameworks.sh\"\n";
			showEnvVarsInLog = 0;
		};
		CA859C5FE4B9C2EA5ED424C4 /* [CP] Check Pods Manifest.lock */ = {
			isa = PBXShellScriptBuildPhase;
			buildActionMask = 2147483647;
			files = (
			);
			inputFileListPaths = (
			);
			inputPaths = (
				"${PODS_PODFILE_DIR_PATH}/Podfile.lock",
				"${PODS_ROOT}/Manifest.lock",
			);
			name = "[CP] Check Pods Manifest.lock";
			outputFileListPaths = (
			);
			outputPaths = (
				"$(DERIVED_FILE_DIR)/Pods-LandiLordsTests-checkManifestLockResult.txt",
			);
			runOnlyForDeploymentPostprocessing = 0;
			shellPath = /bin/sh;
			shellScript = "diff \"${PODS_PODFILE_DIR_PATH}/Podfile.lock\" \"${PODS_ROOT}/Manifest.lock\" > /dev/null\nif [ $? != 0 ] ; then\n    # print error to STDERR\n    echo \"error: The sandbox is not in sync with the Podfile.lock. Run 'pod install' or update your CocoaPods installation.\" >&2\n    exit 1\nfi\n# This output is used by Xcode 'outputs' to avoid re-running this script phase.\necho \"SUCCESS\" > \"${SCRIPT_OUTPUT_FILE_0}\"\n";
			showEnvVarsInLog = 0;
		};
		F7A84F30ED4E63F7A7437A2F /* [CP] Check Pods Manifest.lock */ = {
			isa = PBXShellScriptBuildPhase;
			buildActionMask = 2147483647;
			files = (
			);
			inputFileListPaths = (
			);
			inputPaths = (
				"${PODS_PODFILE_DIR_PATH}/Podfile.lock",
				"${PODS_ROOT}/Manifest.lock",
			);
			name = "[CP] Check Pods Manifest.lock";
			outputFileListPaths = (
			);
			outputPaths = (
				"$(DERIVED_FILE_DIR)/Pods-LandiLords-checkManifestLockResult.txt",
			);
			runOnlyForDeploymentPostprocessing = 0;
			shellPath = /bin/sh;
			shellScript = "diff \"${PODS_PODFILE_DIR_PATH}/Podfile.lock\" \"${PODS_ROOT}/Manifest.lock\" > /dev/null\nif [ $? != 0 ] ; then\n    # print error to STDERR\n    echo \"error: The sandbox is not in sync with the Podfile.lock. Run 'pod install' or update your CocoaPods installation.\" >&2\n    exit 1\nfi\n# This output is used by Xcode 'outputs' to avoid re-running this script phase.\necho \"SUCCESS\" > \"${SCRIPT_OUTPUT_FILE_0}\"\n";
			showEnvVarsInLog = 0;
		};
/* End PBXShellScriptBuildPhase section */

/* Begin PBXSourcesBuildPhase section */
		EE33C09924C09D54005514A5 /* Sources */ = {
			isa = PBXSourcesBuildPhase;
			buildActionMask = 2147483647;
			files = (
				EE33C0A524C09D54005514A5 /* LoginViewController.swift in Sources */,
				EE743F2C24C1156700B01615 /* UserViewController.swift in Sources */,
				EE743F2824C1094D00B01615 /* MainTbController.swift in Sources */,
				EE33C0A124C09D54005514A5 /* AppDelegate.swift in Sources */,
				EE743F3324C2989C00B01615 /* Networking.swift in Sources */,
				EE8F648424F184D000B54C46 /* Picker.swift in Sources */,
				EEDF8F6F24C66FA10067B474 /* ButtonBehaviours.swift in Sources */,
				EE33C0A324C09D54005514A5 /* SceneDelegate.swift in Sources */,
				EEC0E56E24C3B9F600ACB233 /* reusable_extensions.swift in Sources */,
				EEDF8F1A24C4B8D00067B474 /* singleton.swift in Sources */,
				EE33C0CA24C0CA10005514A5 /* MainViewController.swift in Sources */,
				EE743F3124C2989200B01615 /* Cities.swift in Sources */,
				EE33C0AB24C09D54005514A5 /* LandiLords.xcdatamodeld in Sources */,
				EE33C0C824C0A9C4005514A5 /* SignUpViewController.swift in Sources */,
				EE47FF5724C897B400D61403 /* viewModel.swift in Sources */,
				EE743F2A24C1155000B01615 /* SettingsViewController.swift in Sources */,
			);
			runOnlyForDeploymentPostprocessing = 0;
		};
		EE33C0B224C09D5B005514A5 /* Sources */ = {
			isa = PBXSourcesBuildPhase;
			buildActionMask = 2147483647;
			files = (
				EE33C0BB24C09D5B005514A5 /* LandiLordsTests.swift in Sources */,
			);
			runOnlyForDeploymentPostprocessing = 0;
		};
/* End PBXSourcesBuildPhase section */

/* Begin PBXTargetDependency section */
		EE33C0B824C09D5B005514A5 /* PBXTargetDependency */ = {
			isa = PBXTargetDependency;
			target = EE33C09C24C09D54005514A5 /* LandiLords */;
			targetProxy = EE33C0B724C09D5B005514A5 /* PBXContainerItemProxy */;
		};
/* End PBXTargetDependency section */

/* Begin PBXVariantGroup section */
		EE33C0A624C09D54005514A5 /* Main.storyboard */ = {
			isa = PBXVariantGroup;
			children = (
				EE33C0A724C09D54005514A5 /* Base */,
			);
			name = Main.storyboard;
			sourceTree = "<group>";
		};
		EE33C0AE24C09D5B005514A5 /* LaunchScreen.storyboard */ = {
			isa = PBXVariantGroup;
			children = (
				EE33C0AF24C09D5B005514A5 /* Base */,
			);
			name = LaunchScreen.storyboard;
			sourceTree = "<group>";
		};
/* End PBXVariantGroup section */

/* Begin XCBuildConfiguration section */
		EE33C0BD24C09D5B005514A5 /* Debug */ = {
			isa = XCBuildConfiguration;
			buildSettings = {
				ALWAYS_SEARCH_USER_PATHS = NO;
				CLANG_ANALYZER_NONNULL = YES;
				CLANG_ANALYZER_NUMBER_OBJECT_CONVERSION = YES_AGGRESSIVE;
				CLANG_CXX_LANGUAGE_STANDARD = "gnu++14";
				CLANG_CXX_LIBRARY = "libc++";
				CLANG_ENABLE_MODULES = YES;
				CLANG_ENABLE_OBJC_ARC = YES;
				CLANG_ENABLE_OBJC_WEAK = YES;
				CLANG_WARN_BLOCK_CAPTURE_AUTORELEASING = YES;
				CLANG_WARN_BOOL_CONVERSION = YES;
				CLANG_WARN_COMMA = YES;
				CLANG_WARN_CONSTANT_CONVERSION = YES;
				CLANG_WARN_DEPRECATED_OBJC_IMPLEMENTATIONS = YES;
				CLANG_WARN_DIRECT_OBJC_ISA_USAGE = YES_ERROR;
				CLANG_WARN_DOCUMENTATION_COMMENTS = YES;
				CLANG_WARN_EMPTY_BODY = YES;
				CLANG_WARN_ENUM_CONVERSION = YES;
				CLANG_WARN_INFINITE_RECURSION = YES;
				CLANG_WARN_INT_CONVERSION = YES;
				CLANG_WARN_NON_LITERAL_NULL_CONVERSION = YES;
				CLANG_WARN_OBJC_IMPLICIT_RETAIN_SELF = YES;
				CLANG_WARN_OBJC_LITERAL_CONVERSION = YES;
				CLANG_WARN_OBJC_ROOT_CLASS = YES_ERROR;
				CLANG_WARN_RANGE_LOOP_ANALYSIS = YES;
				CLANG_WARN_STRICT_PROTOTYPES = YES;
				CLANG_WARN_SUSPICIOUS_MOVE = YES;
				CLANG_WARN_UNGUARDED_AVAILABILITY = YES_AGGRESSIVE;
				CLANG_WARN_UNREACHABLE_CODE = YES;
				CLANG_WARN__DUPLICATE_METHOD_MATCH = YES;
				COPY_PHASE_STRIP = NO;
				DEBUG_INFORMATION_FORMAT = dwarf;
				ENABLE_STRICT_OBJC_MSGSEND = YES;
				ENABLE_TESTABILITY = YES;
				GCC_C_LANGUAGE_STANDARD = gnu11;
				GCC_DYNAMIC_NO_PIC = NO;
				GCC_NO_COMMON_BLOCKS = YES;
				GCC_OPTIMIZATION_LEVEL = 0;
				GCC_PREPROCESSOR_DEFINITIONS = (
					"DEBUG=1",
					"$(inherited)",
				);
				GCC_WARN_64_TO_32_BIT_CONVERSION = YES;
				GCC_WARN_ABOUT_RETURN_TYPE = YES_ERROR;
				GCC_WARN_UNDECLARED_SELECTOR = YES;
				GCC_WARN_UNINITIALIZED_AUTOS = YES_AGGRESSIVE;
				GCC_WARN_UNUSED_FUNCTION = YES;
				GCC_WARN_UNUSED_VARIABLE = YES;
				IPHONEOS_DEPLOYMENT_TARGET = 13.5;
				MTL_ENABLE_DEBUG_INFO = INCLUDE_SOURCE;
				MTL_FAST_MATH = YES;
				ONLY_ACTIVE_ARCH = YES;
				SDKROOT = iphoneos;
				SWIFT_ACTIVE_COMPILATION_CONDITIONS = DEBUG;
				SWIFT_OPTIMIZATION_LEVEL = "-Onone";
			};
			name = Debug;
		};
		EE33C0BE24C09D5B005514A5 /* Release */ = {
			isa = XCBuildConfiguration;
			buildSettings = {
				ALWAYS_SEARCH_USER_PATHS = NO;
				CLANG_ANALYZER_NONNULL = YES;
				CLANG_ANALYZER_NUMBER_OBJECT_CONVERSION = YES_AGGRESSIVE;
				CLANG_CXX_LANGUAGE_STANDARD = "gnu++14";
				CLANG_CXX_LIBRARY = "libc++";
				CLANG_ENABLE_MODULES = YES;
				CLANG_ENABLE_OBJC_ARC = YES;
				CLANG_ENABLE_OBJC_WEAK = YES;
				CLANG_WARN_BLOCK_CAPTURE_AUTORELEASING = YES;
				CLANG_WARN_BOOL_CONVERSION = YES;
				CLANG_WARN_COMMA = YES;
				CLANG_WARN_CONSTANT_CONVERSION = YES;
				CLANG_WARN_DEPRECATED_OBJC_IMPLEMENTATIONS = YES;
				CLANG_WARN_DIRECT_OBJC_ISA_USAGE = YES_ERROR;
				CLANG_WARN_DOCUMENTATION_COMMENTS = YES;
				CLANG_WARN_EMPTY_BODY = YES;
				CLANG_WARN_ENUM_CONVERSION = YES;
				CLANG_WARN_INFINITE_RECURSION = YES;
				CLANG_WARN_INT_CONVERSION = YES;
				CLANG_WARN_NON_LITERAL_NULL_CONVERSION = YES;
				CLANG_WARN_OBJC_IMPLICIT_RETAIN_SELF = YES;
				CLANG_WARN_OBJC_LITERAL_CONVERSION = YES;
				CLANG_WARN_OBJC_ROOT_CLASS = YES_ERROR;
				CLANG_WARN_RANGE_LOOP_ANALYSIS = YES;
				CLANG_WARN_STRICT_PROTOTYPES = YES;
				CLANG_WARN_SUSPICIOUS_MOVE = YES;
				CLANG_WARN_UNGUARDED_AVAILABILITY = YES_AGGRESSIVE;
				CLANG_WARN_UNREACHABLE_CODE = YES;
				CLANG_WARN__DUPLICATE_METHOD_MATCH = YES;
				COPY_PHASE_STRIP = NO;
				DEBUG_INFORMATION_FORMAT = "dwarf-with-dsym";
				ENABLE_NS_ASSERTIONS = NO;
				ENABLE_STRICT_OBJC_MSGSEND = YES;
				GCC_C_LANGUAGE_STANDARD = gnu11;
				GCC_NO_COMMON_BLOCKS = YES;
				GCC_WARN_64_TO_32_BIT_CONVERSION = YES;
				GCC_WARN_ABOUT_RETURN_TYPE = YES_ERROR;
				GCC_WARN_UNDECLARED_SELECTOR = YES;
				GCC_WARN_UNINITIALIZED_AUTOS = YES_AGGRESSIVE;
				GCC_WARN_UNUSED_FUNCTION = YES;
				GCC_WARN_UNUSED_VARIABLE = YES;
				IPHONEOS_DEPLOYMENT_TARGET = 13.5;
				MTL_ENABLE_DEBUG_INFO = NO;
				MTL_FAST_MATH = YES;
				SDKROOT = iphoneos;
				SWIFT_COMPILATION_MODE = wholemodule;
				SWIFT_OPTIMIZATION_LEVEL = "-O";
				VALIDATE_PRODUCT = YES;
			};
			name = Release;
		};
		EE33C0C024C09D5B005514A5 /* Debug */ = {
			isa = XCBuildConfiguration;
			baseConfigurationReference = F0D9AE60799FD88ADBBA2513 /* Pods-LandiLords.debug.xcconfig */;
			buildSettings = {
				ASSETCATALOG_COMPILER_APPICON_NAME = AppIcon;
				CODE_SIGN_STYLE = Automatic;
				DEVELOPMENT_TEAM = GG9M3SY3Q6;
				INFOPLIST_FILE = LandiLords/Info.plist;
				LD_RUNPATH_SEARCH_PATHS = (
					"$(inherited)",
					"@executable_path/Frameworks",
				);
				PRODUCT_BUNDLE_IDENTIFIER = com.landis.LandiLords;
				PRODUCT_NAME = "$(TARGET_NAME)";
				SWIFT_VERSION = 5.0;
				TARGETED_DEVICE_FAMILY = "1,2";
			};
			name = Debug;
		};
		EE33C0C124C09D5B005514A5 /* Release */ = {
			isa = XCBuildConfiguration;
			baseConfigurationReference = 189C3A95E66B5F1B2862F901 /* Pods-LandiLords.release.xcconfig */;
			buildSettings = {
				ASSETCATALOG_COMPILER_APPICON_NAME = AppIcon;
				CODE_SIGN_STYLE = Automatic;
				DEVELOPMENT_TEAM = GG9M3SY3Q6;
				INFOPLIST_FILE = LandiLords/Info.plist;
				LD_RUNPATH_SEARCH_PATHS = (
					"$(inherited)",
					"@executable_path/Frameworks",
				);
				PRODUCT_BUNDLE_IDENTIFIER = com.landis.LandiLords;
				PRODUCT_NAME = "$(TARGET_NAME)";
				SWIFT_VERSION = 5.0;
				TARGETED_DEVICE_FAMILY = "1,2";
			};
			name = Release;
		};
		EE33C0C324C09D5B005514A5 /* Debug */ = {
			isa = XCBuildConfiguration;
			baseConfigurationReference = A67161B3D9338CD36BBEC849 /* Pods-LandiLordsTests.debug.xcconfig */;
			buildSettings = {
				ALWAYS_EMBED_SWIFT_STANDARD_LIBRARIES = YES;
				BUNDLE_LOADER = "$(TEST_HOST)";
				CODE_SIGN_STYLE = Automatic;
				DEVELOPMENT_TEAM = GG9M3SY3Q6;
				INFOPLIST_FILE = LandiLordsTests/Info.plist;
				IPHONEOS_DEPLOYMENT_TARGET = 13.5;
				LD_RUNPATH_SEARCH_PATHS = (
					"$(inherited)",
					"@executable_path/Frameworks",
					"@loader_path/Frameworks",
				);
				PRODUCT_BUNDLE_IDENTIFIER = com.themovieDAbdullahi.LandiLordsTests;
				PRODUCT_NAME = "$(TARGET_NAME)";
				SWIFT_VERSION = 5.0;
				TARGETED_DEVICE_FAMILY = "1,2";
				TEST_HOST = "$(BUILT_PRODUCTS_DIR)/LandiLords.app/LandiLords";
			};
			name = Debug;
		};
		EE33C0C424C09D5B005514A5 /* Release */ = {
			isa = XCBuildConfiguration;
			baseConfigurationReference = A9AE0501AFAAC203413273EB /* Pods-LandiLordsTests.release.xcconfig */;
			buildSettings = {
				ALWAYS_EMBED_SWIFT_STANDARD_LIBRARIES = YES;
				BUNDLE_LOADER = "$(TEST_HOST)";
				CODE_SIGN_STYLE = Automatic;
				DEVELOPMENT_TEAM = GG9M3SY3Q6;
				INFOPLIST_FILE = LandiLordsTests/Info.plist;
				IPHONEOS_DEPLOYMENT_TARGET = 13.5;
				LD_RUNPATH_SEARCH_PATHS = (
					"$(inherited)",
					"@executable_path/Frameworks",
					"@loader_path/Frameworks",
				);
				PRODUCT_BUNDLE_IDENTIFIER = com.themovieDAbdullahi.LandiLordsTests;
				PRODUCT_NAME = "$(TARGET_NAME)";
				SWIFT_VERSION = 5.0;
				TARGETED_DEVICE_FAMILY = "1,2";
				TEST_HOST = "$(BUILT_PRODUCTS_DIR)/LandiLords.app/LandiLords";
			};
			name = Release;
		};
/* End XCBuildConfiguration section */

/* Begin XCConfigurationList section */
		EE33C09824C09D54005514A5 /* Build configuration list for PBXProject "LandiLords" */ = {
			isa = XCConfigurationList;
			buildConfigurations = (
				EE33C0BD24C09D5B005514A5 /* Debug */,
				EE33C0BE24C09D5B005514A5 /* Release */,
			);
			defaultConfigurationIsVisible = 0;
			defaultConfigurationName = Release;
		};
		EE33C0BF24C09D5B005514A5 /* Build configuration list for PBXNativeTarget "LandiLords" */ = {
			isa = XCConfigurationList;
			buildConfigurations = (
				EE33C0C024C09D5B005514A5 /* Debug */,
				EE33C0C124C09D5B005514A5 /* Release */,
			);
			defaultConfigurationIsVisible = 0;
			defaultConfigurationName = Release;
		};
		EE33C0C224C09D5B005514A5 /* Build configuration list for PBXNativeTarget "LandiLordsTests" */ = {
			isa = XCConfigurationList;
			buildConfigurations = (
				EE33C0C324C09D5B005514A5 /* Debug */,
				EE33C0C424C09D5B005514A5 /* Release */,
			);
			defaultConfigurationIsVisible = 0;
			defaultConfigurationName = Release;
		};
/* End XCConfigurationList section */

/* Begin XCVersionGroup section */
		EE33C0A924C09D54005514A5 /* LandiLords.xcdatamodeld */ = {
			isa = XCVersionGroup;
			children = (
				EE33C0AA24C09D54005514A5 /* LandiLords.xcdatamodel */,
			);
			currentVersion = EE33C0AA24C09D54005514A5 /* LandiLords.xcdatamodel */;
			path = LandiLords.xcdatamodeld;
			sourceTree = "<group>";
			versionGroupType = wrapper.xcdatamodel;
		};
/* End XCVersionGroup section */
	};
	rootObject = EE33C09524C09D54005514A5 /* Project object */;
}
